lockfileVersion: '6.0'

settings:
  autoInstallPeers: true
  excludeLinksFromLockfile: false

dependencies:
  openapi3-ts:
    specifier: ^2.0.2
    version: 2.0.2

devDependencies:
  '@microsoft/api-documenter':
    specifier: ^7.23.23
    version: 7.23.23(@types/node@20.11.17)
  '@microsoft/api-extractor':
    specifier: ^7.40.1
    version: 7.40.1(@types/node@20.11.17)
  '@rollup/plugin-typescript':
    specifier: ^11.1.6
    version: 11.1.6(rollup@4.9.6)(tslib@2.6.2)(typescript@5.3.3)
  '@types/node':
    specifier: ^20.11.17
    version: 20.11.17
  aws-cdk-lib:
    specifier: ^2.126.0
    version: 2.126.0(constructs@10.3.0)
  constructs:
    specifier: ^10.3.0
    version: 10.3.0
  rollup:
    specifier: ^4.9.6
    version: 4.9.6
  tslib:
    specifier: ^2.6.2
    version: 2.6.2
  typescript:
    specifier: ^5.3.3
    version: 5.3.3

packages:

  /@aws-cdk/asset-awscli-v1@2.2.202:
    resolution: {integrity: sha512-JqlF0D4+EVugnG5dAsNZMqhu3HW7ehOXm5SDMxMbXNDMdsF0pxtQKNHRl52z1U9igsHmaFpUgSGjbhAJ+0JONg==}
    dev: true

  /@aws-cdk/asset-kubectl-v20@2.1.2:
    resolution: {integrity: sha512-3M2tELJOxQv0apCIiuKQ4pAbncz9GuLwnKFqxifWfe77wuMxyTRPmxssYHs42ePqzap1LT6GDcPygGs+hHstLg==}
    dev: true

  /@aws-cdk/asset-node-proxy-agent-v6@2.0.1:
    resolution: {integrity: sha512-DDt4SLdLOwWCjGtltH4VCST7hpOI5DzieuhGZsBpZ+AgJdSI2GCjklCXm0GCTwJG/SolkL5dtQXyUKgg9luBDg==}
    dev: true

  /@microsoft/api-documenter@7.23.23(@types/node@20.11.17):
    resolution: {integrity: sha512-77upYNmm6h9+8hdNWL7R1+vW1QaExkwKuOuSWR2v3Tdk2JHCVf+s341jybgYEnxRhIQIIxtLeiwQ/xzMFOizwQ==}
    hasBin: true
    dependencies:
      '@microsoft/api-extractor-model': 7.28.9(@types/node@20.11.17)
      '@microsoft/tsdoc': 0.14.2
      '@rushstack/node-core-library': 3.66.0(@types/node@20.11.17)
      '@rushstack/ts-command-line': 4.17.1
      colors: 1.2.5
      js-yaml: 3.13.1
      resolve: 1.22.8
    transitivePeerDependencies:
      - '@types/node'
    dev: true

  /@microsoft/api-extractor-model@7.28.9(@types/node@20.11.17):
    resolution: {integrity: sha512-lM77dV+VO46MGp5lu4stUBnO3jyr+CrDzU+DtapcOQEZUqJxPYUoK5zjeD+gRZ9ckgGMZC94ch6FBkpmsjwQgw==}
    dependencies:
      '@microsoft/tsdoc': 0.14.2
      '@microsoft/tsdoc-config': 0.16.2
      '@rushstack/node-core-library': 3.66.0(@types/node@20.11.17)
    transitivePeerDependencies:
      - '@types/node'
    dev: true

  /@microsoft/api-extractor@7.40.1(@types/node@20.11.17):
    resolution: {integrity: sha512-xHn2Zkh6s5JIjP94SG6VtIlIeRJcASgfZpDKV+bgoddMt1X4ujSZFOz7uEGNYNO7mEtdVOvpNKBpC4CDytD8KQ==}
    hasBin: true
    dependencies:
      '@microsoft/api-extractor-model': 7.28.9(@types/node@20.11.17)
      '@microsoft/tsdoc': 0.14.2
      '@microsoft/tsdoc-config': 0.16.2
      '@rushstack/node-core-library': 3.66.0(@types/node@20.11.17)
      '@rushstack/rig-package': 0.5.1
      '@rushstack/ts-command-line': 4.17.1
      colors: 1.2.5
      lodash: 4.17.21
      resolve: 1.22.8
      semver: 7.5.4
      source-map: 0.6.1
      typescript: 5.3.3
    transitivePeerDependencies:
      - '@types/node'
    dev: true

  /@microsoft/tsdoc-config@0.16.2:
    resolution: {integrity: sha512-OGiIzzoBLgWWR0UdRJX98oYO+XKGf7tiK4Zk6tQ/E4IJqGCe7dvkTvgDZV5cFJUzLGDOjeAXrnZoA6QkVySuxw==}
    dependencies:
      '@microsoft/tsdoc': 0.14.2
      ajv: 6.12.6
      jju: 1.4.0
      resolve: 1.19.0
    dev: true

  /@microsoft/tsdoc@0.14.2:
    resolution: {integrity: sha512-9b8mPpKrfeGRuhFH5iO1iwCLeIIsV6+H1sRfxbkoGXIyQE2BTsPd9zqSqQJ+pv5sJ/hT5M1zvOFL02MnEezFug==}
    dev: true

  /@rollup/plugin-typescript@11.1.6(rollup@4.9.6)(tslib@2.6.2)(typescript@5.3.3):
    resolution: {integrity: sha512-R92yOmIACgYdJ7dJ97p4K69I8gg6IEHt8M7dUBxN3W6nrO8uUxX5ixl0yU/N3aZTi8WhPuICvOHXQvF6FaykAA==}
    engines: {node: '>=14.0.0'}
    peerDependencies:
      rollup: ^2.14.0||^3.0.0||^4.0.0
      tslib: '*'
      typescript: '>=3.7.0'
    peerDependenciesMeta:
      rollup:
        optional: true
      tslib:
        optional: true
    dependencies:
      '@rollup/pluginutils': 5.1.0(rollup@4.9.6)
      resolve: 1.22.8
      rollup: 4.9.6
      tslib: 2.6.2
      typescript: 5.3.3
    dev: true

  /@rollup/pluginutils@5.1.0(rollup@4.9.6):
    resolution: {integrity: sha512-XTIWOPPcpvyKI6L1NHo0lFlCyznUEyPmPY1mc3KpPVDYulHSTvyeLNVW00QTLIAFNhR3kYnJTQHeGqU4M3n09g==}
    engines: {node: '>=14.0.0'}
    peerDependencies:
      rollup: ^1.20.0||^2.0.0||^3.0.0||^4.0.0
    peerDependenciesMeta:
      rollup:
        optional: true
    dependencies:
      '@types/estree': 1.0.5
      estree-walker: 2.0.2
      picomatch: 2.3.1
      rollup: 4.9.6
    dev: true

  /@rollup/rollup-android-arm-eabi@4.9.6:
    resolution: {integrity: sha512-MVNXSSYN6QXOulbHpLMKYi60ppyO13W9my1qogeiAqtjb2yR4LSmfU2+POvDkLzhjYLXz9Rf9+9a3zFHW1Lecg==}
    cpu: [arm]
    os: [android]
    requiresBuild: true
    dev: true
    optional: true

  /@rollup/rollup-android-arm64@4.9.6:
    resolution: {integrity: sha512-T14aNLpqJ5wzKNf5jEDpv5zgyIqcpn1MlwCrUXLrwoADr2RkWA0vOWP4XxbO9aiO3dvMCQICZdKeDrFl7UMClw==}
    cpu: [arm64]
    os: [android]
    requiresBuild: true
    dev: true
    optional: true

  /@rollup/rollup-darwin-arm64@4.9.6:
    resolution: {integrity: sha512-CqNNAyhRkTbo8VVZ5R85X73H3R5NX9ONnKbXuHisGWC0qRbTTxnF1U4V9NafzJbgGM0sHZpdO83pLPzq8uOZFw==}
    cpu: [arm64]
    os: [darwin]
    requiresBuild: true
    dev: true
    optional: true

  /@rollup/rollup-darwin-x64@4.9.6:
    resolution: {integrity: sha512-zRDtdJuRvA1dc9Mp6BWYqAsU5oeLixdfUvkTHuiYOHwqYuQ4YgSmi6+/lPvSsqc/I0Omw3DdICx4Tfacdzmhog==}
    cpu: [x64]
    os: [darwin]
    requiresBuild: true
    dev: true
    optional: true

  /@rollup/rollup-linux-arm-gnueabihf@4.9.6:
    resolution: {integrity: sha512-oNk8YXDDnNyG4qlNb6is1ojTOGL/tRhbbKeE/YuccItzerEZT68Z9gHrY3ROh7axDc974+zYAPxK5SH0j/G+QQ==}
    cpu: [arm]
    os: [linux]
    requiresBuild: true
    dev: true
    optional: true

  /@rollup/rollup-linux-arm64-gnu@4.9.6:
    resolution: {integrity: sha512-Z3O60yxPtuCYobrtzjo0wlmvDdx2qZfeAWTyfOjEDqd08kthDKexLpV97KfAeUXPosENKd8uyJMRDfFMxcYkDQ==}
    cpu: [arm64]
    os: [linux]
    requiresBuild: true
    dev: true
    optional: true

  /@rollup/rollup-linux-arm64-musl@4.9.6:
    resolution: {integrity: sha512-gpiG0qQJNdYEVad+1iAsGAbgAnZ8j07FapmnIAQgODKcOTjLEWM9sRb+MbQyVsYCnA0Im6M6QIq6ax7liws6eQ==}
    cpu: [arm64]
    os: [linux]
    requiresBuild: true
    dev: true
    optional: true

  /@rollup/rollup-linux-riscv64-gnu@4.9.6:
    resolution: {integrity: sha512-+uCOcvVmFUYvVDr27aiyun9WgZk0tXe7ThuzoUTAukZJOwS5MrGbmSlNOhx1j80GdpqbOty05XqSl5w4dQvcOA==}
    cpu: [riscv64]
    os: [linux]
    requiresBuild: true
    dev: true
    optional: true

  /@rollup/rollup-linux-x64-gnu@4.9.6:
    resolution: {integrity: sha512-HUNqM32dGzfBKuaDUBqFB7tP6VMN74eLZ33Q9Y1TBqRDn+qDonkAUyKWwF9BR9unV7QUzffLnz9GrnKvMqC/fw==}
    cpu: [x64]
    os: [linux]
    requiresBuild: true
    dev: true
    optional: true

  /@rollup/rollup-linux-x64-musl@4.9.6:
    resolution: {integrity: sha512-ch7M+9Tr5R4FK40FHQk8VnML0Szi2KRujUgHXd/HjuH9ifH72GUmw6lStZBo3c3GB82vHa0ZoUfjfcM7JiiMrQ==}
    cpu: [x64]
    os: [linux]
    requiresBuild: true
    dev: true
    optional: true

  /@rollup/rollup-win32-arm64-msvc@4.9.6:
    resolution: {integrity: sha512-VD6qnR99dhmTQ1mJhIzXsRcTBvTjbfbGGwKAHcu+52cVl15AC/kplkhxzW/uT0Xl62Y/meBKDZvoJSJN+vTeGA==}
    cpu: [arm64]
    os: [win32]
    requiresBuild: true
    dev: true
    optional: true

  /@rollup/rollup-win32-ia32-msvc@4.9.6:
    resolution: {integrity: sha512-J9AFDq/xiRI58eR2NIDfyVmTYGyIZmRcvcAoJ48oDld/NTR8wyiPUu2X/v1navJ+N/FGg68LEbX3Ejd6l8B7MQ==}
    cpu: [ia32]
    os: [win32]
    requiresBuild: true
    dev: true
    optional: true

  /@rollup/rollup-win32-x64-msvc@4.9.6:
    resolution: {integrity: sha512-jqzNLhNDvIZOrt69Ce4UjGRpXJBzhUBzawMwnaDAwyHriki3XollsewxWzOzz+4yOFDkuJHtTsZFwMxhYJWmLQ==}
    cpu: [x64]
    os: [win32]
    requiresBuild: true
    dev: true
    optional: true

  /@rushstack/node-core-library@3.66.0(@types/node@20.11.17):
    resolution: {integrity: sha512-nXyddNe3T9Ph14TrIfjtLZ+GDzC7HL/wF+ZKC18qmRVtz2xXLd1ZzreVgiAgGDwn8ZUWZ/7q//gQJk96iWjSrg==}
    peerDependencies:
      '@types/node': '*'
    peerDependenciesMeta:
      '@types/node':
        optional: true
    dependencies:
      '@types/node': 20.11.17
      colors: 1.2.5
      fs-extra: 7.0.1
      import-lazy: 4.0.0
      jju: 1.4.0
      resolve: 1.22.8
      semver: 7.5.4
      z-schema: 5.0.5
    dev: true

  /@rushstack/rig-package@0.5.1:
    resolution: {integrity: sha512-pXRYSe29TjRw7rqxD4WS3HN/sRSbfr+tJs4a9uuaSIBAITbUggygdhuG0VrO0EO+QqH91GhYMN4S6KRtOEmGVA==}
    dependencies:
      resolve: 1.22.8
      strip-json-comments: 3.1.1
    dev: true

  /@rushstack/ts-command-line@4.17.1:
    resolution: {integrity: sha512-2jweO1O57BYP5qdBGl6apJLB+aRIn5ccIRTPDyULh0KMwVzFqWtw6IZWt1qtUoZD/pD2RNkIOosH6Cq45rIYeg==}
    dependencies:
      '@types/argparse': 1.0.38
      argparse: 1.0.10
      colors: 1.2.5
      string-argv: 0.3.2
    dev: true

  /@types/argparse@1.0.38:
    resolution: {integrity: sha512-ebDJ9b0e702Yr7pWgB0jzm+CX4Srzz8RcXtLJDJB+BSccqMa36uyH/zUsSYao5+BD1ytv3k3rPYCq4mAE1hsXA==}
    dev: true

  /@types/estree@1.0.5:
    resolution: {integrity: sha512-/kYRxGDLWzHOB7q+wtSUQlFrtcdUccpfy+X+9iMBpHK8QLLhx2wIPYuS5DYtR9Wa/YlZAbIovy7qVdB1Aq6Lyw==}
    dev: true

  /@types/node@20.11.17:
    resolution: {integrity: sha512-QmgQZGWu1Yw9TDyAP9ZzpFJKynYNeOvwMJmaxABfieQoVoiVOS6MN1WSpqpRcbeA5+RW82kraAVxCCJg+780Qw==}
    dependencies:
      undici-types: 5.26.5
    dev: true

  /ajv@6.12.6:
    resolution: {integrity: sha512-j3fVLgvTo527anyYyJOGTYJbG+vnnQYvE0m5mmkc1TK+nxAppkCLMIL0aZ4dblVCNoGShhm+kzE4ZUykBoMg4g==}
    dependencies:
      fast-deep-equal: 3.1.3
      fast-json-stable-stringify: 2.1.0
      json-schema-traverse: 0.4.1
      uri-js: 4.4.1
    dev: true

  /argparse@1.0.10:
    resolution: {integrity: sha512-o5Roy6tNG4SL/FOkCAN6RzjiakZS25RLYFrcMttJqbdd8BWrnA+fGz57iN5Pb06pvBGvl5gQ0B48dJlslXvoTg==}
    dependencies:
      sprintf-js: 1.0.3
    dev: true

  /aws-cdk-lib@2.126.0(constructs@10.3.0):
    resolution: {integrity: sha512-HlwBYiqNCfhPUyozjoV4zJIBgH0adE/zTVATmeaM1jcNGs6jwkPMpWsF75JuXOoVtkcfpBFyNKloGd82nTiB0A==}
    engines: {node: '>= 14.15.0'}
    peerDependencies:
      constructs: ^10.0.0
    dependencies:
      '@aws-cdk/asset-awscli-v1': 2.2.202
      '@aws-cdk/asset-kubectl-v20': 2.1.2
      '@aws-cdk/asset-node-proxy-agent-v6': 2.0.1
      constructs: 10.3.0
    dev: true
    bundledDependencies:
      - '@balena/dockerignore'
      - case
      - fs-extra
      - ignore
      - jsonschema
      - minimatch
      - punycode
      - semver
      - table
      - yaml

  /colors@1.2.5:
    resolution: {integrity: sha512-erNRLao/Y3Fv54qUa0LBB+//Uf3YwMUmdJinN20yMXm9zdKKqH9wt7R9IIVZ+K7ShzfpLV/Zg8+VyrBJYB4lpg==}
    engines: {node: '>=0.1.90'}
    dev: true

  /commander@9.5.0:
    resolution: {integrity: sha512-KRs7WVDKg86PWiuAqhDrAQnTXZKraVcCc6vFdL14qrZ/DcWwuRo7VoiYXalXO7S5GKpqYiVEwCbgFDfxNHKJBQ==}
    engines: {node: ^12.20.0 || >=14}
    requiresBuild: true
    dev: true
    optional: true

  /constructs@10.3.0:
    resolution: {integrity: sha512-vbK8i3rIb/xwZxSpTjz3SagHn1qq9BChLEfy5Hf6fB3/2eFbrwt2n9kHwQcS0CPTRBesreeAcsJfMq2229FnbQ==}
    engines: {node: '>= 16.14.0'}
    dev: true

  /esprima@4.0.1:
    resolution: {integrity: sha512-eGuFFw7Upda+g4p+QHvnW0RyTX/SVeJBDM/gCtMARO0cLuT2HcEKnTPvhjV6aGeqrCB/sbNop0Kszm0jsaWU4A==}
    engines: {node: '>=4'}
    hasBin: true
    dev: true

  /estree-walker@2.0.2:
    resolution: {integrity: sha512-Rfkk/Mp/DL7JVje3u18FxFujQlTNR2q6QfMSMB7AvCBx91NGj/ba3kCfza0f6dVDbw7YlRf/nDrn7pQrCCyQ/w==}
    dev: true

  /fast-deep-equal@3.1.3:
    resolution: {integrity: sha512-f3qQ9oQy9j2AhBe/H9VC91wLmKBCCU/gDOnKNAYG5hswO7BLKj09Hc5HYNz9cGI++xlpDCIgDaitVs03ATR84Q==}
    dev: true

  /fast-json-stable-stringify@2.1.0:
    resolution: {integrity: sha512-lhd/wF+Lk98HZoTCtlVraHtfh5XYijIjalXck7saUtuanSDyLMxnHhSXEDJqHxD7msR8D0uCmqlkwjCV8xvwHw==}
    dev: true

  /fs-extra@7.0.1:
    resolution: {integrity: sha512-YJDaCJZEnBmcbw13fvdAM9AwNOJwOzrE4pqMqBq5nFiEqXUqHwlK4B+3pUw6JNvfSPtX05xFHtYy/1ni01eGCw==}
    engines: {node: '>=6 <7 || >=8'}
    dependencies:
      graceful-fs: 4.2.11
      jsonfile: 4.0.0
      universalify: 0.1.2
    dev: true

  /fsevents@2.3.3:
    resolution: {integrity: sha512-5xoDfX+fL7faATnagmWPpbFtwh/R77WmMMqqHGS65C3vvB0YHrgF+B1YmZ3441tMj5n63k0212XNoJwzlhffQw==}
    engines: {node: ^8.16.0 || ^10.6.0 || >=11.0.0}
    os: [darwin]
    requiresBuild: true
    dev: true
    optional: true

  /function-bind@1.1.2:
    resolution: {integrity: sha512-7XHNxH7qX9xG5mIwxkhumTox/MIRNcOgDrxWsMt2pAr23WHp6MrRlN7FBSFpCpr+oVO0F744iUgR82nJMfG2SA==}
    dev: true

  /graceful-fs@4.2.11:
    resolution: {integrity: sha512-RbJ5/jmFcNNCcDV5o9eTnBLJ/HszWV0P73bc+Ff4nS/rJj+YaS6IGyiOL0VoBYX+l1Wrl3k63h/KrH+nhJ0XvQ==}
    dev: true

  /hasown@2.0.0:
    resolution: {integrity: sha512-vUptKVTpIJhcczKBbgnS+RtcuYMB8+oNzPK2/Hp3hanz8JmpATdmmgLgSaadVREkDm+e2giHwY3ZRkyjSIDDFA==}
    engines: {node: '>= 0.4'}
    dependencies:
      function-bind: 1.1.2
    dev: true

  /import-lazy@4.0.0:
    resolution: {integrity: sha512-rKtvo6a868b5Hu3heneU+L4yEQ4jYKLtjpnPeUdK7h0yzXGmyBTypknlkCvHFBqfX9YlorEiMM6Dnq/5atfHkw==}
    engines: {node: '>=8'}
    dev: true

  /is-core-module@2.13.1:
    resolution: {integrity: sha512-hHrIjvZsftOsvKSn2TRYl63zvxsgE0K+0mYMoH6gD4omR5IWB2KynivBQczo3+wF1cCkjzvptnI9Q0sPU66ilw==}
    dependencies:
      hasown: 2.0.0
    dev: true

  /jju@1.4.0:
    resolution: {integrity: sha512-8wb9Yw966OSxApiCt0K3yNJL8pnNeIv+OEq2YMidz4FKP6nonSRoOXc80iXY4JaN2FC11B9qsNmDsm+ZOfMROA==}
    dev: true

  /js-yaml@3.13.1:
    resolution: {integrity: sha512-YfbcO7jXDdyj0DGxYVSlSeQNHbD7XPWvrVWeVUujrQEoZzWJIRrCPoyk6kL6IAjAG2IolMK4T0hNUe0HOUs5Jw==}
    hasBin: true
    dependencies:
      argparse: 1.0.10
      esprima: 4.0.1
    dev: true

  /json-schema-traverse@0.4.1:
    resolution: {integrity: sha512-xbbCH5dCYU5T8LcEhhuh7HJ88HXuW3qsI3Y0zOZFKfZEHcpWiHU/Jxzk629Brsab/mMiHQti9wMP+845RPe3Vg==}
    dev: true

  /jsonfile@4.0.0:
    resolution: {integrity: sha512-m6F1R3z8jjlf2imQHS2Qez5sjKWQzbuuhuJ/FKYFRZvPE3PuHcSMVZzfsLhGVOkfd20obL5SWEBew5ShlquNxg==}
    optionalDependencies:
      graceful-fs: 4.2.11
    dev: true

  /lodash.get@4.4.2:
    resolution: {integrity: sha512-z+Uw/vLuy6gQe8cfaFWD7p0wVv8fJl3mbzXh33RS+0oW2wvUqiRXiQ69gLWSLpgB5/6sU+r6BlQR0MBILadqTQ==}
    dev: true

  /lodash.isequal@4.5.0:
    resolution: {integrity: sha512-pDo3lu8Jhfjqls6GkMgpahsF9kCyayhgykjyLMNFTKWrpVdAQtYyB4muAMWozBB4ig/dtWAmsMxLEI8wuz+DYQ==}
    dev: true

  /lodash@4.17.21:
    resolution: {integrity: sha512-v2kDEe57lecTulaDIuNTPy3Ry4gLGJ6Z1O3vE1krgXZNrsQ+LFTGHVxVjcXPs17LhbZVGedAJv8XZ1tvj5FvSg==}
    dev: true

  /lru-cache@6.0.0:
    resolution: {integrity: sha512-Jo6dJ04CmSjuznwJSS3pUeWmd/H0ffTlkXXgwZi+eq1UCmqQwCh+eLsYOYCwY991i2Fah4h1BEMCx4qThGbsiA==}
    engines: {node: '>=10'}
    dependencies:
      yallist: 4.0.0
    dev: true

  /openapi3-ts@2.0.2:
    resolution: {integrity: sha512-TxhYBMoqx9frXyOgnRHufjQfPXomTIHYKhSKJ6jHfj13kS8OEIhvmE8CTuQyKtjjWttAjX5DPxM1vmalEpo8Qw==}
    dependencies:
      yaml: 1.10.2
    dev: false

  /path-parse@1.0.7:
    resolution: {integrity: sha512-LDJzPVEEEPR+y48z93A0Ed0yXb8pAByGWo/k5YYdYgpY2/2EsOsksJrq7lOHxryrVOn1ejG6oAp8ahvOIQD8sw==}
    dev: true

  /picomatch@2.3.1:
    resolution: {integrity: sha512-JU3teHTNjmE2VCGFzuY8EXzCDVwEqB2a8fsIvwaStHhAWJEeVd1o1QD80CU6+ZdEXXSLbSsuLwJjkCBWqRQUVA==}
    engines: {node: '>=8.6'}
    dev: true

  /punycode@2.3.1:
    resolution: {integrity: sha512-vYt7UD1U9Wg6138shLtLOvdAu+8DsC/ilFtEVHcH+wydcSpNE20AfSOduf6MkRFahL5FY7X1oU7nKVZFtfq8Fg==}
    engines: {node: '>=6'}
    dev: true

  /resolve@1.19.0:
    resolution: {integrity: sha512-rArEXAgsBG4UgRGcynxWIWKFvh/XZCcS8UJdHhwy91zwAvCZIbcs+vAbflgBnNjYMs/i/i+/Ux6IZhML1yPvxg==}
    dependencies:
      is-core-module: 2.13.1
      path-parse: 1.0.7
    dev: true

  /resolve@1.22.8:
    resolution: {integrity: sha512-oKWePCxqpd6FlLvGV1VU0x7bkPmmCNolxzjMf4NczoDnQcIWrAF+cPtZn5i6n+RfD2d9i0tzpKnG6Yk168yIyw==}
    hasBin: true
    dependencies:
      is-core-module: 2.13.1
      path-parse: 1.0.7
      supports-preserve-symlinks-flag: 1.0.0
    dev: true

  /rollup@4.9.6:
    resolution: {integrity: sha512-05lzkCS2uASX0CiLFybYfVkwNbKZG5NFQ6Go0VWyogFTXXbR039UVsegViTntkk4OglHBdF54ccApXRRuXRbsg==}
    engines: {node: '>=18.0.0', npm: '>=8.0.0'}
    hasBin: true
    dependencies:
      '@types/estree': 1.0.5
    optionalDependencies:
      '@rollup/rollup-android-arm-eabi': 4.9.6
      '@rollup/rollup-android-arm64': 4.9.6
      '@rollup/rollup-darwin-arm64': 4.9.6
      '@rollup/rollup-darwin-x64': 4.9.6
      '@rollup/rollup-linux-arm-gnueabihf': 4.9.6
      '@rollup/rollup-linux-arm64-gnu': 4.9.6
      '@rollup/rollup-linux-arm64-musl': 4.9.6
      '@rollup/rollup-linux-riscv64-gnu': 4.9.6
      '@rollup/rollup-linux-x64-gnu': 4.9.6
      '@rollup/rollup-linux-x64-musl': 4.9.6
      '@rollup/rollup-win32-arm64-msvc': 4.9.6
      '@rollup/rollup-win32-ia32-msvc': 4.9.6
      '@rollup/rollup-win32-x64-msvc': 4.9.6
      fsevents: 2.3.3
    dev: true

  /semver@7.5.4:
    resolution: {integrity: sha512-1bCSESV6Pv+i21Hvpxp3Dx+pSD8lIPt8uVjRrxAUt/nbswYc+tK6Y2btiULjd4+fnq15PX+nqQDC7Oft7WkwcA==}
    engines: {node: '>=10'}
    hasBin: true
    dependencies:
      lru-cache: 6.0.0
    dev: true

  /source-map@0.6.1:
    resolution: {integrity: sha512-UjgapumWlbMhkBgzT7Ykc5YXUT46F0iKu8SGXq0bcwP5dz/h0Plj6enJqjz1Zbq2l5WaqYnrVbwWOWMyF3F47g==}
    engines: {node: '>=0.10.0'}
    dev: true

  /sprintf-js@1.0.3:
    resolution: {integrity: sha512-D9cPgkvLlV3t3IzL0D0YLvGA9Ahk4PcvVwUbN0dSGr1aP0Nrt4AEnTUbuGvquEC0mA64Gqt1fzirlRs5ibXx8g==}
    dev: true

  /string-argv@0.3.2:
    resolution: {integrity: sha512-aqD2Q0144Z+/RqG52NeHEkZauTAUWJO8c6yTftGJKO3Tja5tUgIfmIl6kExvhtxSDP7fXB6DvzkfMpCd/F3G+Q==}
    engines: {node: '>=0.6.19'}
    dev: true

  /strip-json-comments@3.1.1:
    resolution: {integrity: sha512-6fPc+R4ihwqP6N/aIv2f1gMH8lOVtWQHoqC4yK6oSDVVocumAsfCqjkXnqiYMhmMwS/mEHLp7Vehlt3ql6lEig==}
    engines: {node: '>=8'}
    dev: true

  /supports-preserve-symlinks-flag@1.0.0:
    resolution: {integrity: sha512-ot0WnXS9fgdkgIcePe6RHNk1WA8+muPa6cSjeR3V8K27q9BB1rTE3R1p7Hv0z1ZyAc8s6Vvv8DIyWf681MAt0w==}
    engines: {node: '>= 0.4'}
    dev: true

  /tslib@2.6.2:
    resolution: {integrity: sha512-AEYxH93jGFPn/a2iVAwW87VuUIkR1FVUKB77NwMF7nBTDkDrrT/Hpt/IrCJ0QXhW27jTBDcf5ZY7w6RiqTMw2Q==}
    dev: true

  /typescript@5.3.3:
    resolution: {integrity: sha512-pXWcraxM0uxAS+tN0AG/BF2TyqmHO014Z070UsJ+pFvYuRSq8KH8DmWpnbXe0pEPDHXZV3FcAbJkijJ5oNEnWw==}
    engines: {node: '>=14.17'}
    hasBin: true
    dev: true

  /undici-types@5.26.5:
    resolution: {integrity: sha512-JlCMO+ehdEIKqlFxk6IfVoAUVmgz7cU7zD/h9XZ0qzeosSHmUJVOzSQvvYSYWXkFXC+IfLKSIffhv0sVZup6pA==}
    dev: true

  /universalify@0.1.2:
    resolution: {integrity: sha512-rBJeI5CXAlmy1pV+617WB9J63U6XcazHHF2f2dbJix4XzpUF0RS3Zbj0FGIOCAva5P/d/GBOYaACQ1w+0azUkg==}
    engines: {node: '>= 4.0.0'}
    dev: true

  /uri-js@4.4.1:
    resolution: {integrity: sha512-7rKUyy33Q1yc98pQ1DAmLtwX109F7TIfWlW1Ydo8Wl1ii1SeHieeh0HHfPeL2fMXK6z0s8ecKs9frCuLJvndBg==}
    dependencies:
      punycode: 2.3.1
    dev: true

  /validator@13.11.0:
    resolution: {integrity: sha512-Ii+sehpSfZy+At5nPdnyMhx78fEoPDkR2XW/zimHEL3MyGJQOCQ7WeP20jPYRz7ZCpcKLB21NxuXHF3bxjStBQ==}
    engines: {node: '>= 0.10'}
    dev: true

  /yallist@4.0.0:
    resolution: {integrity: sha512-3wdGidZyq5PB084XLES5TpOSRA3wjXAlIWMhum2kRcv/41Sn2emQ0dycQW4uZXLejwKvg6EsvbdlVL+FYEct7A==}
    dev: true

  /yaml@1.10.2:
    resolution: {integrity: sha512-r3vXyErRCYJ7wg28yvBY5VSoAF8ZvlcW9/BwUzEtUsjvX/DKs24dIkuwjtuprwJJHsbyUbLApepYTR1BN4uHrg==}
    engines: {node: '>= 6'}
    dev: false

  /z-schema@5.0.5:
    resolution: {integrity: sha512-D7eujBWkLa3p2sIpJA0d1pr7es+a7m0vFAnZLlCEKq/Ij2k0MLi9Br2UPxoxdYystm5K1yeBGzub0FlYUEWj2Q==}
    engines: {node: '>=8.0.0'}
    hasBin: true
    dependencies:
      lodash.get: 4.4.2
      lodash.isequal: 4.5.0
      validator: 13.11.0
    optionalDependencies:
      commander: 9.5.0
    dev: true
